{
  "nodes": {
    "deploy-rs": {
      "inputs": {
        "flake-compat": "flake-compat",
        "nixpkgs": [
          "nixpkgs"
        ],
        "utils": "utils"
      },
      "locked": {
        "lastModified": 1790635598,
        "narHash": "sha256-MHycJ+rm2wMrhiO6emgqJUaUbhJU/AvdH8DyUVrU1dw=",
        "owner": "serokell",
        "repo": "deploy-rs",
        "rev": "cf64c8cbadd9b13ea79ba7720aa2930500f2ece7",
        "type": "github"
      },
      "original": {
        "owner": "serokell",
        "repo": "deploy-rs",
        "type": "github"
      }
    },
    "depot": {
      "inputs": {
        "godot-mcp": "godot-mcp",
        "nixpak": "nixpak",
        "nixpkgs": "nixpkgs",
        "rust-overlay": "rust-overlay",
        "treefmt-nix": "treefmt-nix"
      },
      "locked": {
        "lastModified": 1790161799,
        "narHash": "sha256-AKmeUwVVMOWxU4CxH+gQzRaK+i4S5s0+vxQ/x88Daco=",
        "ref": "refs/heads/master",
        "rev": "0c30972c08083d33b3451a2be2dab5cf7ab164f2",
        "revCount": 158,
        "type": "git",
        "url": "ssh://forgejo@git.cenitly.com:18088/cenitly/depot"
      },
      "original": {
        "type": "git",
        "url": "ssh://forgejo@git.cenitly.com:18088/cenitly/depot"
      }
    },
    "flake-compat": {
      "flake": false,
      "locked": {
        "lastModified": 1733328505,
        "narHash": "sha256-NeCCThCEP3eCl2l/+27kNNK7QrwZB1IJCrXfrbv5oqU=",
        "owner": "edolstra",
        "repo": "flake-compat",
        "rev": "ff81ac966bb2cae68946d5ed5fc4994f96d0ffec",
        "type": "github"
      },
      "original": {
        "owner": "edolstra",
        "repo": "flake-compat",
        "type": "github"
      }
    },
    "flake-parts": {
      "inputs": {
        "nixpkgs-lib": [
          "depot",
          "nixpak",
          "nixpkgs"
        ]
      },
      "locked": {
        "lastModified": 1763759067,
        "narHash": "sha256-LlLt2Jo/gMNYAwOgdRQBrsRoOz7BPRkzvNaI/fzXi2Q=",
        "owner": "hercules-ci",
        "repo": "flake-parts",
        "rev": "2cccadc7357c0ba201788ae99c4dfa90728ef5e0",
        "type": "github"
      },
      "original": {
        "owner": "hercules-ci",
        "repo": "flake-parts",
        "type": "github"
      }
    },
    "godot-mcp": {
      "inputs": {
        "nixpkgs": [
          "depot",
          "nixpkgs"
        ]
      },
      "locked": {
        "lastModified": 1765278112,
        "narHash": "sha256-ugLm8Qos/xVCyrqgPLRh+iTzPwNdEr63CclGsYTcVkk=",
        "owner": "poly2it",
        "repo": "Godot-MCP",
        "rev": "f5b2c8547cd1d1b0428280108fe810c0b0edaaf3",
        "type": "github"
      },
      "original": {
        "owner": "poly2it",
        "ref": "fix-npm-deps",
        "repo": "Godot-MCP",
        "type": "github"
      }
    },
    "hercules-ci-effects": {
      "inputs": {
        "flake-parts": [
          "depot",
          "nixpak",
          "flake-parts"
        ],
        "nixpkgs": [
          "depot",
          "nixpak",
          "nixpkgs"
        ]
      },
      "locked": {
        "lastModified": 1763182882,
        "narHash": "sha256-jZi+9yKmeTMsJ4ZNqRei/wL16+QwYGrCl4EJ3QHfoDU=",
        "owner": "hercules-ci",
        "repo": "hercules-ci-effects",
        "rev": "b0585849abe7d02a774a853f7952d07bb910fd9e",
        "type": "github"
      },
      "original": {
        "owner": "hercules-ci",
        "repo": "hercules-ci-effects",
        "type": "github"
      }
    },
    "home-manager": {
      "inputs": {
        "nixpkgs": [
          "nixpkgs"
        ]
      },
      "locked": {
        "lastModified": 1791306979,
        "narHash": "sha256-KuLePuhwJM9NLt/gTLHzXaOoSZKGoB3m7NfXjiQ98HY=",
        "owner": "nix-community",
        "repo": "home-manager",
        "rev": "fae6e9e42c3b762ab47635cddcfaf6f52374a61b",
        "type": "github"
      },
      "original": {
        "owner": "nix-community",
        "ref": "master",
        "repo": "home-manager",
        "type": "github"
      }
    },
    "nixpak": {
      "inputs": {
        "flake-parts": "flake-parts",
        "hercules-ci-effects": "hercules-ci-effects",
        "nixpkgs": [
          "depot",
          "nixpkgs"
        ]
      },
      "locked": {
        "lastModified": 1764437482,
        "narHash": "sha256-RtoU27COCocVaw58s1c0sz1sTmdSfJwx/2eKeCkWSKY=",
        "owner": "poly2it",
        "repo": "nixpak",
        "rev": "7a94381f86ec037b5dd72733e012031443bec8de",
        "type": "github"
      },
      "original": {
        "owner": "poly2it",
        "ref": "share-pid",
        "repo": "nixpak",
        "type": "github"
      }
    },
    "nixpkgs": {
      "locked": {
        "lastModified": 1784796856,
        "narHash": "sha256-wWFrV5/Qbm+lyt5x20E/bSbfJiGKMo4RCxZV8cl/WZI=",
        "owner": "nixos",
        "repo": "nixpkgs",
        "rev": "e2587caef70cea85dd97d7daab492899902dbf5d",
        "type": "github"
      },
      "original": {
        "owner": "nixos",
        "ref": "nixos-unstable",
        "repo": "nixpkgs",
        "type": "github"
      }
    },
    "nixpkgs_2": {
      "locked": {
        "lastModified": 1791260994,
        "narHash": "sha256-Miqqk/ammqnTUxaoCyvtwoPeLbI1ksFyLxi/CazZpWY=",
        "owner": "NixOS",
        "repo": "nixpkgs",
        "rev": "151fa4e8ddfdd8dd25d945ad94ed54a13de9f6e4",
        "type": "github"
      },
      "original": {
        "owner": "NixOS",
        "ref": "nixos-unstable",
        "repo": "nixpkgs",
        "type": "github"
      }
    },
    "nvim": {
      "inputs": {
        "nixpkgs": [
          "nixpkgs"
        ]
      },
      "locked": {
        "lastModified": 1788854676,
        "narHash": "sha256-jt4Gbd5lHSN0toyfB1AV5Hhu1eeQ0JZb69nqhJ+EE7A=",
        "owner": "fdABB-Gym-Samuel",
        "repo": "nvim",
        "rev": "7ab327b61c8148a83d618599de99f1f84d1040ff",
        "type": "github"
      },
      "original": {
        "owner": "fdABB-Gym-Samuel",
        "repo": "nvim",
        "type": "github"
      }
    },
    "quickshell-bar": {
      "inputs": {
        "nixpkgs": [
          "nixpkgs"
        ]
      },
      "locked": {
        "lastModified": 1786910814,
        "narHash": "sha256-Q0Ov/JCxp3dv6tlHghCAWEsay68W82oFI0cSGeU5QKI=",
        "ref": "refs/heads/main",
        "rev": "e59624909bd3c7788fe1c5417b31a5cb169636ab",
        "revCount": 19,
        "type": "git",
        "url": "ssh://git@github.com/fdABB-Gym-Samuel/qsbar"
      },
      "original": {
        "type": "git",
        "url": "ssh://git@github.com/fdABB-Gym-Samuel/qsbar"
      }
    },
    "root": {
      "inputs": {
        "deploy-rs": "deploy-rs",
        "depot": "depot",
        "home-manager": "home-manager",
        "nixpkgs": "nixpkgs_2",
        "nvim": "nvim",
        "quickshell-bar": "quickshell-bar",
        "treefmt-nix": "treefmt-nix_2"
      }
    },
    "rust-overlay": {
      "inputs": {
        "nixpkgs": [
          "depot",
          "nixpkgs"
        ]
      },
      "locked": {
        "lastModified": 1784956772,
        "narHash": "sha256-5polVWDhgATIQj+RUV2ZlOd5nE6cGJo+C4tOEs5vp6U=",
        "owner": "oxalica",
        "repo": "rust-overlay",
        "rev": "a163bd01a6e11ac58d4f8d11669da550b5afbbc6",
        "type": "github"
      },
      "original": {
        "owner": "oxalica",
        "repo": "rust-overlay",
        "type": "github"
      }
    },
    "systems": {
      "locked": {
        "lastModified": 1681028828,
        "narHash": "sha256-Vy1rq5AaRuLzOxct8nz4T6wlgyUR7zLU309k9mBC768=",
        "owner": "nix-systems",
        "repo": "default",
        "rev": "da67096a3b9bf56a91d16901293e51ba5b49a27e",
        "type": "github"
      },
      "original": {
        "owner": "nix-systems",
        "repo": "default",
        "type": "github"
      }
    },
    "treefmt-nix": {
      "inputs": {
        "nixpkgs": [
          "depot",
          "nixpkgs"
        ]
      },
      "locked": {
        "lastModified": 1784369104,
        "narHash": "sha256-47cxbcZODibHv3rELFQ9vZly0vUNkND/atn/U7HLeb0=",
        "owner": "numtide",
        "repo": "treefmt-nix",
        "rev": "df3c0640565d04a0261253cdd89fce78ec50168a",
        "type": "github"
      },
      "original": {
        "owner": "numtide",
        "repo": "treefmt-nix",
        "type": "github"
      }
    },
    "treefmt-nix_2": {
      "inputs": {
        "nixpkgs": [
          "nixpkgs"
        ]
      },
      "locked": {
        "lastModified": 1791203292,
        "narHash": "sha256-vuzVwvjeucSnwKwMBpyP8r5IzdrMKCHEdwTrRFwUN7I=",
        "owner": "numtide",
        "repo": "treefmt-nix",
        "rev": "03d8ee1bcbc8f9638907bb79edb9673151d0e22b",
        "type": "github"
      },
      "original": {
        "owner": "numtide",
        "repo": "treefmt-nix",
        "type": "github"
      }
    },
    "utils": {
      "inputs": {
        "systems": "systems"
      },
      "locked": {
        "lastModified": 1731533236,
        "narHash": "sha256-l0KFg5HjrsfsO/JpG+r7fRrqm12kzFHyUHqHCVpMMbI=",
        "owner": "numtide",
        "repo": "flake-utils",
        "rev": "11707dc2f618dd54ca8739b309ec4fc024de578b",
        "type": "github"
      },
      "original": {
        "owner": "numtide",
        "repo": "flake-utils",
        "type": "github"
      }
    }
  },
  "root": "root",
  "version": 7
}
