{
  "nodes": {
    "deploy-rs": {
      "inputs": {
        "flake-compat": "flake-compat",
        "nixpkgs": [
          "nixpkgs"
        ],
        "utils": "utils"
      },
      "locked": {
        "lastModified": 1770019181,
        "narHash": "sha256-hwsYgDnby50JNVpTRYlF3UR/Rrpt01OrxVuryF40CFY=",
        "owner": "serokell",
        "repo": "deploy-rs",
        "rev": "77c906c0ba56aabdbc72041bf9111b565cdd6171",
        "type": "github"
      },
      "original": {
        "owner": "serokell",
        "repo": "deploy-rs",
        "type": "github"
      }
    },
    "depot": {
      "inputs": {
        "godot-mcp": "godot-mcp",
        "nixpak": "nixpak",
        "nixpkgs": "nixpkgs",
        "rust-overlay": "rust-overlay",
        "treefmt-nix": "treefmt-nix"
      },
      "locked": {
        "lastModified": 1780070883,
        "narHash": "sha256-0sZGaGM7uWjH5KETlHKvEPygQhOXnulaoOizFOeeWyU=",
        "ref": "refs/heads/master",
        "rev": "c12329c01407e946955247dd445333ce77ecc895",
        "revCount": 127,
        "type": "git",
        "url": "ssh://forgejo@git.cenitly.com:18088/cenitly/depot"
      },
      "original": {
        "type": "git",
        "url": "ssh://forgejo@git.cenitly.com:18088/cenitly/depot"
      }
    },
    "flake-compat": {
      "flake": false,
      "locked": {
        "lastModified": 1733328505,
        "narHash": "sha256-NeCCThCEP3eCl2l/+27kNNK7QrwZB1IJCrXfrbv5oqU=",
        "owner": "edolstra",
        "repo": "flake-compat",
        "rev": "ff81ac966bb2cae68946d5ed5fc4994f96d0ffec",
        "type": "github"
      },
      "original": {
        "owner": "edolstra",
        "repo": "flake-compat",
        "type": "github"
      }
    },
    "flake-parts": {
      "inputs": {
        "nixpkgs-lib": [
          "depot",
          "nixpak",
          "nixpkgs"
        ]
      },
      "locked": {
        "lastModified": 1763759067,
        "narHash": "sha256-LlLt2Jo/gMNYAwOgdRQBrsRoOz7BPRkzvNaI/fzXi2Q=",
        "owner": "hercules-ci",
        "repo": "flake-parts",
        "rev": "2cccadc7357c0ba201788ae99c4dfa90728ef5e0",
        "type": "github"
      },
      "original": {
        "owner": "hercules-ci",
        "repo": "flake-parts",
        "type": "github"
      }
    },
    "godot-mcp": {
      "inputs": {
        "nixpkgs": [
          "depot",
          "nixpkgs"
        ]
      },
      "locked": {
        "lastModified": 1765278112,
        "narHash": "sha256-ugLm8Qos/xVCyrqgPLRh+iTzPwNdEr63CclGsYTcVkk=",
        "owner": "poly2it",
        "repo": "Godot-MCP",
        "rev": "f5b2c8547cd1d1b0428280108fe810c0b0edaaf3",
        "type": "github"
      },
      "original": {
        "owner": "poly2it",
        "ref": "fix-npm-deps",
        "repo": "Godot-MCP",
        "type": "github"
      }
    },
    "hercules-ci-effects": {
      "inputs": {
        "flake-parts": [
          "depot",
          "nixpak",
          "flake-parts"
        ],
        "nixpkgs": [
          "depot",
          "nixpak",
          "nixpkgs"
        ]
      },
      "locked": {
        "lastModified": 1763182882,
        "narHash": "sha256-jZi+9yKmeTMsJ4ZNqRei/wL16+QwYGrCl4EJ3QHfoDU=",
        "owner": "hercules-ci",
        "repo": "hercules-ci-effects",
        "rev": "b0585849abe7d02a774a853f7952d07bb910fd9e",
        "type": "github"
      },
      "original": {
        "owner": "hercules-ci",
        "repo": "hercules-ci-effects",
        "type": "github"
      }
    },
    "home-manager": {
      "inputs": {
        "nixpkgs": [
          "nixpkgs"
        ]
      },
      "locked": {
        "lastModified": 1780370888,
        "narHash": "sha256-PRJj9RKTEf/sITycujP1c/BrvLJKMYXzcpwTsXNulXQ=",
        "owner": "nix-community",
        "repo": "home-manager",
        "rev": "a7a415883195ffbd4dabec8f098f201e6eaaadf8",
        "type": "github"
      },
      "original": {
        "owner": "nix-community",
        "ref": "master",
        "repo": "home-manager",
        "type": "github"
      }
    },
    "nixpak": {
      "inputs": {
        "flake-parts": "flake-parts",
        "hercules-ci-effects": "hercules-ci-effects",
        "nixpkgs": [
          "depot",
          "nixpkgs"
        ]
      },
      "locked": {
        "lastModified": 1764437482,
        "narHash": "sha256-RtoU27COCocVaw58s1c0sz1sTmdSfJwx/2eKeCkWSKY=",
        "owner": "poly2it",
        "repo": "nixpak",
        "rev": "7a94381f86ec037b5dd72733e012031443bec8de",
        "type": "github"
      },
      "original": {
        "owner": "poly2it",
        "ref": "share-pid",
        "repo": "nixpak",
        "type": "github"
      }
    },
    "nixpkgs": {
      "locked": {
        "lastModified": 1769018530,
        "narHash": "sha256-MJ27Cy2NtBEV5tsK+YraYr2g851f3Fl1LpNHDzDX15c=",
        "owner": "nixos",
        "repo": "nixpkgs",
        "rev": "88d3861acdd3d2f0e361767018218e51810df8a1",
        "type": "github"
      },
      "original": {
        "owner": "nixos",
        "ref": "nixos-unstable",
        "repo": "nixpkgs",
        "type": "github"
      }
    },
    "nixpkgs_2": {
      "locked": {
        "lastModified": 1780243769,
        "narHash": "sha256-x5UQuRsH3MqI0U9afaXSNqzTPSeZlRLvFAav2Ux1pNw=",
        "owner": "NixOS",
        "repo": "nixpkgs",
        "rev": "331800de5053fcebacf6813adb5db9c9dca22a0c",
        "type": "github"
      },
      "original": {
        "owner": "NixOS",
        "ref": "nixos-unstable",
        "repo": "nixpkgs",
        "type": "github"
      }
    },
    "nvim": {
      "inputs": {
        "nixpkgs": [
          "nixpkgs"
        ]
      },
      "locked": {
        "lastModified": 1775044794,
        "narHash": "sha256-XUWRh8gCbEDVS+O7PQKBOw2MZOiCYnbcyaVZNJp3u3k=",
        "owner": "fdABB-Gym-Samuel",
        "repo": "nvim",
        "rev": "451d5844c29b2869a5b373e114bdba51d2956f17",
        "type": "github"
      },
      "original": {
        "owner": "fdABB-Gym-Samuel",
        "repo": "nvim",
        "type": "github"
      }
    },
    "root": {
      "inputs": {
        "deploy-rs": "deploy-rs",
        "depot": "depot",
        "home-manager": "home-manager",
        "nixpkgs": "nixpkgs_2",
        "nvim": "nvim",
        "treefmt-nix": "treefmt-nix_2"
      }
    },
    "rust-overlay": {
      "inputs": {
        "nixpkgs": [
          "depot",
          "nixpkgs"
        ]
      },
      "locked": {
        "lastModified": 1769136478,
        "narHash": "sha256-8UNd5lmGf8phCr/aKxagJ4kNsF0pCHLish2G4ZKCFFY=",
        "owner": "oxalica",
        "repo": "rust-overlay",
        "rev": "470ee44393bb19887056b557ea2c03fc5230bd5a",
        "type": "github"
      },
      "original": {
        "owner": "oxalica",
        "repo": "rust-overlay",
        "type": "github"
      }
    },
    "systems": {
      "locked": {
        "lastModified": 1681028828,
        "narHash": "sha256-Vy1rq5AaRuLzOxct8nz4T6wlgyUR7zLU309k9mBC768=",
        "owner": "nix-systems",
        "repo": "default",
        "rev": "da67096a3b9bf56a91d16901293e51ba5b49a27e",
        "type": "github"
      },
      "original": {
        "owner": "nix-systems",
        "repo": "default",
        "type": "github"
      }
    },
    "treefmt-nix": {
      "inputs": {
        "nixpkgs": [
          "depot",
          "nixpkgs"
        ]
      },
      "locked": {
        "lastModified": 1768158989,
        "narHash": "sha256-67vyT1+xClLldnumAzCTBvU0jLZ1YBcf4vANRWP3+Ak=",
        "owner": "numtide",
        "repo": "treefmt-nix",
        "rev": "e96d59dff5c0d7fddb9d113ba108f03c3ef99eca",
        "type": "github"
      },
      "original": {
        "owner": "numtide",
        "repo": "treefmt-nix",
        "type": "github"
      }
    },
    "treefmt-nix_2": {
      "inputs": {
        "nixpkgs": [
          "nixpkgs"
        ]
      },
      "locked": {
        "lastModified": 1780220602,
        "narHash": "sha256-eynAfOmbmxJnkp7YewvCEbShNnnYJ9gLLqkzsYtBPeM=",
        "owner": "numtide",
        "repo": "treefmt-nix",
        "rev": "db947814a175b7ca6ded66e21383d938df01c227",
        "type": "github"
      },
      "original": {
        "owner": "numtide",
        "repo": "treefmt-nix",
        "type": "github"
      }
    },
    "utils": {
      "inputs": {
        "systems": "systems"
      },
      "locked": {
        "lastModified": 1731533236,
        "narHash": "sha256-l0KFg5HjrsfsO/JpG+r7fRrqm12kzFHyUHqHCVpMMbI=",
        "owner": "numtide",
        "repo": "flake-utils",
        "rev": "11707dc2f618dd54ca8739b309ec4fc024de578b",
        "type": "github"
      },
      "original": {
        "owner": "numtide",
        "repo": "flake-utils",
        "type": "github"
      }
    }
  },
  "root": "root",
  "version": 7
}
